
Microsoft Visual Studio Solution File, Format Version 12.00
# Visual Studio Version 17
VisualStudioVersion = 17.5.001.0
MinimumVisualStudioVersion = 10.0.40219.1
Project("{9A19103F-16F7-4668-BE54-9A1E7A4F7556}") = "TestProject", "TestProject.csproj", "{FA97C496-0988-4209-98EE-1FB66C02707C}"
EndProject
Global
	GlobalSection(SolutionConfigurationPlatforms) = preSolution
		Debug|Any CPU = Debug|Any CPU
		Release|Any CPU = Release|Any CPU
	EndGlobalSection
	GlobalSection(ProjectConfigurationPlatforms) = postSolution
		{FA97C496-0988-4209-98EE-1FB66C02707C}.Debug|Any CPU.ActiveCfg = Debug|Any CPU
		{FA97C496-0988-4209-98EE-1FB66C02707C}.Debug|Any CPU.Build.0 = Debug|Any CPU
		{FA97C496-0988-4209-98EE-1FB66C02707C}.Release|Any CPU.ActiveCfg = Release|Any CPU
		{FA97C496-0988-4209-98EE-1FB66C02707C}.Release|Any CPU.Build.0 = Release|Any CPU
	EndGlobalSection
	GlobalSection(SolutionProperties) = preSolution
		HideSolutionNode = FALSE
	EndGlobalSection
	GlobalSection(ExtensibilityGlobals) = postSolution
		SolutionGuid = {D3CE1325-AB24-4B09-8E9A-610A7AC0508C}
	EndGlobalSection
EndGlobal
